
Microsoft Visual Studio Solution File, Format Version 12.00
# Visual Studio Version 17
VisualStudioVersion = 17.7.34031.279
MinimumVisualStudioVersion = 10.0.40219.1
Project("{FAE04EC0-301F-11D3-BF4B-00C04F79EFBC}") = "ConsoleRaycasting", "ConsoleRaycasting.csproj", "{23A1823C-736C-4493-9CDE-47D4A10E8933}"
EndProject
Global
	GlobalSection(SolutionConfigurationPlatforms) = preSolution
		Debug|Any CPU = Debug|Any CPU
		Release|Any CPU = Release|Any CPU
	EndGlobalSection
	GlobalSection(ProjectConfigurationPlatforms) = postSolution
		{23A1823C-736C-4493-9CDE-47D4A10E8933}.Debug|Any CPU.ActiveCfg = Debug|Any CPU
		{23A1823C-736C-4493-9CDE-47D4A10E8933}.Debug|Any CPU.Build.0 = Debug|Any CPU
		{23A1823C-736C-4493-9CDE-47D4A10E8933}.Release|Any CPU.ActiveCfg = Release|Any CPU
		{23A1823C-736C-4493-9CDE-47D4A10E8933}.Release|Any CPU.Build.0 = Release|Any CPU
	EndGlobalSection
	GlobalSection(SolutionProperties) = preSolution
		HideSolutionNode = FALSE
	EndGlobalSection
	GlobalSection(ExtensibilityGlobals) = postSolution
		SolutionGuid = {1B90BF0F-D59D-4ED4-A70C-6E2740DFADCA}
	EndGlobalSection
EndGlobal
